
Microsoft Visual Studio Solution File, Format Version 12.00
# Visual Studio 15
VisualStudioVersion = 15.0.27004.2002
MinimumVisualStudioVersion = 10.0.40219.1
Project("{FAE04EC0-301F-11D3-BF4B-00C04F79EFBC}") = "MasterMindLibrary", "MasterMindLibrary\MasterMindLibrary.csproj", "{3D6D8BD9-3B57-491A-AB00-FE66FD5B4040}"
EndProject
Project("{FAE04EC0-301F-11D3-BF4B-00C04F79EFBC}") = "MasterMindGame", "MasterMindGame\MasterMindGame.csproj", "{ECFE986B-1636-4C5A-8DB3-39D5C2B160A1}"
EndProject
Project("{FAE04EC0-301F-11D3-BF4B-00C04F79EFBC}") = "UnitTestMasterMind", "UnitTestProject1\UnitTestMasterMind.csproj", "{A6522351-2E44-468C-A2BE-7448ECCA5756}"
EndProject
Global
	GlobalSection(SolutionConfigurationPlatforms) = preSolution
		Debug|Any CPU = Debug|Any CPU
		Release|Any CPU = Release|Any CPU
	EndGlobalSection
	GlobalSection(ProjectConfigurationPlatforms) = postSolution
		{3D6D8BD9-3B57-491A-AB00-FE66FD5B4040}.Debug|Any CPU.ActiveCfg = Debug|Any CPU
		{3D6D8BD9-3B57-491A-AB00-FE66FD5B4040}.Debug|Any CPU.Build.0 = Debug|Any CPU
		{3D6D8BD9-3B57-491A-AB00-FE66FD5B4040}.Release|Any CPU.ActiveCfg = Release|Any CPU
		{3D6D8BD9-3B57-491A-AB00-FE66FD5B4040}.Release|Any CPU.Build.0 = Release|Any CPU
		{ECFE986B-1636-4C5A-8DB3-39D5C2B160A1}.Debug|Any CPU.ActiveCfg = Debug|Any CPU
		{ECFE986B-1636-4C5A-8DB3-39D5C2B160A1}.Debug|Any CPU.Build.0 = Debug|Any CPU
		{ECFE986B-1636-4C5A-8DB3-39D5C2B160A1}.Release|Any CPU.ActiveCfg = Release|Any CPU
		{ECFE986B-1636-4C5A-8DB3-39D5C2B160A1}.Release|Any CPU.Build.0 = Release|Any CPU
		{A6522351-2E44-468C-A2BE-7448ECCA5756}.Debug|Any CPU.ActiveCfg = Debug|Any CPU
		{A6522351-2E44-468C-A2BE-7448ECCA5756}.Debug|Any CPU.Build.0 = Debug|Any CPU
		{A6522351-2E44-468C-A2BE-7448ECCA5756}.Release|Any CPU.ActiveCfg = Release|Any CPU
		{A6522351-2E44-468C-A2BE-7448ECCA5756}.Release|Any CPU.Build.0 = Release|Any CPU
	EndGlobalSection
	GlobalSection(SolutionProperties) = preSolution
		HideSolutionNode = FALSE
	EndGlobalSection
	GlobalSection(ExtensibilityGlobals) = postSolution
		SolutionGuid = {A777BDCC-0F61-4592-B12C-C7179BB58A72}
	EndGlobalSection
EndGlobal
